# THIS IS AN AUTOGENERATED FILE. DO NOT EDIT THIS FILE DIRECTLY.
# yarn lockfile v1


atoa@1.0.0:
  version "1.0.0"
  resolved "https://registry.yarnpkg.com/atoa/-/atoa-1.0.0.tgz#0cc0e91a480e738f923ebc103676471779b34a49"

bullseye@1.4.6:
  version "1.4.6"
  resolved "https://registry.yarnpkg.com/bullseye/-/bullseye-1.4.6.tgz#b73f606f7b4273be80ac65acd75295d62606fe24"
  dependencies:
    crossvent "^1.3.1"
    seleccion "2.0.0"
    sell "^1.0.0"

contra@1.9.1:
  version "1.9.1"
  resolved "https://registry.yarnpkg.com/contra/-/contra-1.9.1.tgz#60e498274b3d2d332896d60f82900aefa2ecac8c"
  dependencies:
    atoa "1.0.0"
    ticky "1.0.0"

crossvent@1.5.0:
  version "1.5.0"
  resolved "https://registry.yarnpkg.com/crossvent/-/crossvent-1.5.0.tgz#3779c1242699e19417f0414e61b144753a52fd6d"
  dependencies:
    custom-event "1.0.0"

crossvent@^1.3.1:
  version "1.5.5"
  resolved "https://registry.yarnpkg.com/crossvent/-/crossvent-1.5.5.tgz#ad20878e4921e9be73d9d6976f8b2ecd0f71a0b1"
  dependencies:
    custom-event "^1.0.0"

cssify@~0.3.0:
  version "0.3.0"
  resolved "https://registry.yarnpkg.com/cssify/-/cssify-0.3.0.tgz#22c84b5a2aa96cbec4a9f2b8dddd6c6ca357f329"
  dependencies:
    through "~2.3.4"

custom-event@1.0.0:
  version "1.0.0"
  resolved "https://registry.yarnpkg.com/custom-event/-/custom-event-1.0.0.tgz#2e4628be19dc4b214b5c02630c5971e811618062"

custom-event@^1.0.0:
  version "1.0.1"
  resolved "https://registry.yarnpkg.com/custom-event/-/custom-event-1.0.1.tgz#5d02a46850adf1b4a317946a3928fccb5bfd0425"

"jquery-dropdown@https://github.com/soundasleep/jquery-dropdown#master":
  version "2.0.3"
  resolved "https://github.com/soundasleep/jquery-dropdown#50a9c28969bcde9c45d2c111d803a79bc96dab41"

jquery-minicolors@^2.1.10:
  version "2.1.10"
  resolved "https://registry.yarnpkg.com/jquery-minicolors/-/jquery-minicolors-2.1.10.tgz#b29eea541d9a32b4e26923168fb2c16271867379"
  dependencies:
    jquery ">= 1.7.x"

jquery-powertip@^1.3.0:
  version "1.3.0"
  resolved "https://registry.yarnpkg.com/jquery-powertip/-/jquery-powertip-1.3.0.tgz#9f75bd20773b03e8e87d4d9aec3751794a9bcb79"
  dependencies:
    jquery ">=1.7 <4.0"

jquery-ujs@^1.2.2:
  version "1.2.2"
  resolved "https://registry.yarnpkg.com/jquery-ujs/-/jquery-ujs-1.2.2.tgz#6a8ef1020e6b6dda385b90a4bddc128c21c56397"
  dependencies:
    jquery ">=1.8.0"

jquery-validation@1.19.5:
  version "1.19.5"
  resolved "https://registry.yarnpkg.com/jquery-validation/-/jquery-validation-1.19.5.tgz#557495b7cad79716897057c4447ad3cd76fda811"

"jquery@>= 1.7.x", "jquery@>=1.7 <4.0", jquery@>=1.8.0, jquery@^3.2.1:
  version "3.2.1"
  resolved "https://registry.yarnpkg.com/jquery/-/jquery-3.2.1.tgz#5c4d9de652af6cd0a770154a631bba12b015c787"

js-cookie@^2.1.4:
  version "2.1.4"
  resolved "https://registry.yarnpkg.com/js-cookie/-/js-cookie-2.1.4.tgz#da4ec503866f149d164cf25f579ef31015025d8d"

jstz@^1.0.10:
  version "1.0.11"
  resolved "https://registry.yarnpkg.com/jstz/-/jstz-1.0.11.tgz#70e83e55c9621bfa706cdc8aa73f2a03931de7d9"

moment@^2.18.1, moment@^2.8.2:
  version "2.18.1"
  resolved "https://registry.yarnpkg.com/moment/-/moment-2.18.1.tgz#c36193dd3ce1c2eed2adb7c802dbbc77a81b1c0f"

rome@^2.1.22:
  version "2.1.22"
  resolved "https://registry.yarnpkg.com/rome/-/rome-2.1.22.tgz#4bf25318cc0522ae92dd090472ce7a6e0b1f5e02"
  dependencies:
    bullseye "1.4.6"
    contra "1.9.1"
    crossvent "1.5.0"
    moment "^2.8.2"

seleccion@2.0.0:
  version "2.0.0"
  resolved "https://registry.yarnpkg.com/seleccion/-/seleccion-2.0.0.tgz#0984ac1e8df513e38b41a608e65042e8381e0a73"

sell@^1.0.0:
  version "1.0.0"
  resolved "https://registry.yarnpkg.com/sell/-/sell-1.0.0.tgz#3baca7e51f78ddee9e22eea1ac747a6368bd1630"

switchery@^0.0.2:
  version "0.0.2"
  resolved "https://registry.yarnpkg.com/switchery/-/switchery-0.0.2.tgz#8d522c4eb3258bacc6c91bec980e0e46e312d06e"
  dependencies:
    cssify "~0.3.0"

through@~2.3.4:
  version "2.3.8"
  resolved "https://registry.yarnpkg.com/through/-/through-2.3.8.tgz#0dd4c9ffaabc357960b1b724115d7e0e86a2e1f5"

ticky@1.0.0:
  version "1.0.0"
  resolved "https://registry.yarnpkg.com/ticky/-/ticky-1.0.0.tgz#e87f38ee0491ea32f62e8f0567ba9638b29f049c"

turbolinks@^5.1.1:
  version "5.1.1"
  resolved "https://registry.yarnpkg.com/turbolinks/-/turbolinks-5.1.1.tgz#3d418a2d8172edbde5e787bf74cb7bef151ae43f"
