# THIS IS AN AUTOGENERATED FILE. DO NOT EDIT THIS FILE DIRECTLY.
# yarn lockfile v1


atoa@1.0.0:
  version "1.0.0"
  resolved "https://registry.yarnpkg.com/atoa/-/atoa-1.0.0.tgz#0cc0e91a480e738f923ebc103676471779b34a49"
  integrity sha1-DMDpGkgOc4+SPrwQNnZHF3mzSkk=

bullseye@1.4.6:
  version "1.4.6"
  resolved "https://registry.yarnpkg.com/bullseye/-/bullseye-1.4.6.tgz#b73f606f7b4273be80ac65acd75295d62606fe24"
  integrity sha1-tz9gb3tCc76ArGWs11KV1iYG/iQ=
  dependencies:
    crossvent "^1.3.1"
    seleccion "2.0.0"
    sell "^1.0.0"

coffee-script@1.8:
  version "1.8.0"
  resolved "https://registry.yarnpkg.com/coffee-script/-/coffee-script-1.8.0.tgz#9c9f1d2b4a52a000ded15b659791703648263c1d"
  integrity sha1-nJ8dK0pSoADe0Vtll5FwNkgmPB0=
  dependencies:
    mkdirp "~0.3.5"

contra@1.9.1:
  version "1.9.1"
  resolved "https://registry.yarnpkg.com/contra/-/contra-1.9.1.tgz#60e498274b3d2d332896d60f82900aefa2ecac8c"
  integrity sha1-YOSYJ0s9LTMoltYPgpAK76LsrIw=
  dependencies:
    atoa "1.0.0"
    ticky "1.0.0"

crossvent@1.5.0:
  version "1.5.0"
  resolved "https://registry.yarnpkg.com/crossvent/-/crossvent-1.5.0.tgz#3779c1242699e19417f0414e61b144753a52fd6d"
  integrity sha1-N3nBJCaZ4ZQX8EFOYbFEdTpS/W0=
  dependencies:
    custom-event "1.0.0"

crossvent@^1.3.1:
  version "1.5.5"
  resolved "https://registry.yarnpkg.com/crossvent/-/crossvent-1.5.5.tgz#ad20878e4921e9be73d9d6976f8b2ecd0f71a0b1"
  integrity sha1-rSCHjkkh6b5z2daXb4suzQ9xoLE=
  dependencies:
    custom-event "^1.0.0"

cssify@~0.3.0:
  version "0.3.0"
  resolved "https://registry.yarnpkg.com/cssify/-/cssify-0.3.0.tgz#22c84b5a2aa96cbec4a9f2b8dddd6c6ca357f329"
  integrity sha1-IshLWiqpbL7EqfK43d1sbKNX8yk=
  dependencies:
    through "~2.3.4"

custom-event@1.0.0:
  version "1.0.0"
  resolved "https://registry.yarnpkg.com/custom-event/-/custom-event-1.0.0.tgz#2e4628be19dc4b214b5c02630c5971e811618062"
  integrity sha1-LkYovhncSyFLXAJjDFlx6BFhgGI=

custom-event@^1.0.0:
  version "1.0.1"
  resolved "https://registry.yarnpkg.com/custom-event/-/custom-event-1.0.1.tgz#5d02a46850adf1b4a317946a3928fccb5bfd0425"
  integrity sha1-XQKkaFCt8bSjF5RqOSj8y1v9BCU=

jquery-dropdown@^1.0.0:
  version "1.0.0"
  resolved "https://registry.yarnpkg.com/jquery-dropdown/-/jquery-dropdown-1.0.0.tgz#6bbf26055e751653c749a97b26102c2ecc7d995e"
  integrity sha1-a78mBV51FlPHSal7JhAsLsx9mV4=

jquery-minicolors@^2.1.10:
  version "2.1.10"
  resolved "https://registry.yarnpkg.com/jquery-minicolors/-/jquery-minicolors-2.1.10.tgz#b29eea541d9a32b4e26923168fb2c16271867379"
  integrity sha1-sp7qVB2aMrTiaSMWj7LBYnGGc3k=
  dependencies:
    jquery ">= 1.7.x"

jquery-powertip@^1.3.0:
  version "1.3.1"
  resolved "https://registry.yarnpkg.com/jquery-powertip/-/jquery-powertip-1.3.1.tgz#cb01253ec7ff4f749582888c250477380d02eeb8"
  integrity sha512-wU68SvUajTkfMQ5c78deG2SutQEhnCtUoCcXUBgN32M3i3gqMjVkxK2hXz8VaR0H3q1gCu+UkVGwuRPR9ekg9Q==
  dependencies:
    jquery ">=1.7 <4.0"

jquery-validation@1.17.0:
  version "1.17.0"
  resolved "https://registry.yarnpkg.com/jquery-validation/-/jquery-validation-1.17.0.tgz#ab66b6b583d7740b9bbd148993e50e8ac041f35b"
  integrity sha512-XddiAwhGdWhcIJ+W3ri3KG8uTPMua4TPYuUIC8/E7lOyqdScG5xHuy9YishlKc0c/lIQai77EX7hxMdTSYCEjA==
  dependencies:
    jquery "^1.7 || ^2.0 || ^3.1"

"jquery@>= 1.7.x", "jquery@>=1.7 <4.0", "jquery@^1.7 || ^2.0 || ^3.1", jquery@^3.4.1:
  version "3.4.1"
  resolved "https://registry.yarnpkg.com/jquery/-/jquery-3.4.1.tgz#714f1f8d9dde4bdfa55764ba37ef214630d80ef2"
  integrity sha512-36+AdBzCL+y6qjw5Tx7HgzeGCzC81MDDgaUP8ld2zhx58HdqXGoBd+tHdrBMiyjGQs0Hxs/MLZTu/eHNJJuWPw==

js-cookie@^2.2.0:
  version "2.2.1"
  resolved "https://registry.yarnpkg.com/js-cookie/-/js-cookie-2.2.1.tgz#69e106dc5d5806894562902aa5baec3744e9b2b8"
  integrity sha512-HvdH2LzI/EAZcUwA8+0nKNtWHqS+ZmijLA30RwZA0bo7ToCckjK5MkGhjED9KoRcXO6BaGI3I9UIzSA1FKFPOQ==

jstz@^1.0.10:
  version "1.0.11"
  resolved "https://registry.yarnpkg.com/jstz/-/jstz-1.0.11.tgz#70e83e55c9621bfa706cdc8aa73f2a03931de7d9"
  integrity sha512-TII4P76PQfjffpzl3mk6SyqOr0sUqK+zWm1GLv505j9vXNfAPxKC5uWa/hwcPJ0mZvuP3u2xjm3OGuKRlEw/Yw==

mkdirp@~0.3.5:
  version "0.3.5"
  resolved "https://registry.yarnpkg.com/mkdirp/-/mkdirp-0.3.5.tgz#de3e5f8961c88c787ee1368df849ac4413eca8d7"
  integrity sha1-3j5fiWHIjHh+4TaN+EmsRBPsqNc=

moment@^2.8.2:
  version "2.24.0"
  resolved "https://registry.yarnpkg.com/moment/-/moment-2.24.0.tgz#0d055d53f5052aa653c9f6eb68bb5d12bf5c2b5b"
  integrity sha512-bV7f+6l2QigeBBZSM/6yTNq4P2fNpSWj/0e7jQcy87A8e7o2nAfP/34/2ky5Vw4B9S446EtIhodAzkFCcR4dQg==

rails-ujs@^5.2.3:
  version "5.2.3"
  resolved "https://registry.yarnpkg.com/rails-ujs/-/rails-ujs-5.2.3.tgz#4b65ea781a6befe62e96da6362165286a1fe4099"
  integrity sha512-rYgj185MowWFBJI1wdac2FkX4yFYe4+3jJPlB+CTY7a4rmIyg0TqE4vYZmSBBesp7blPUa57oqKzwQjN7eVbEQ==

rome@^3.0.0:
  version "3.0.0"
  resolved "https://registry.yarnpkg.com/rome/-/rome-3.0.0.tgz#a4a785336fd60482a3c64564c28cc569963ab617"
  integrity sha512-lwugyr0DLnfi0ODGjuEo47v/gXRaanbBI7V3e7GBo6rbCwDoka1PspmYfZVYxXaVIA+Rvn+RpRuLplUxwNP/+g==
  dependencies:
    bullseye "1.4.6"
    contra "1.9.1"
    crossvent "1.5.0"
    moment "^2.8.2"

seleccion@2.0.0:
  version "2.0.0"
  resolved "https://registry.yarnpkg.com/seleccion/-/seleccion-2.0.0.tgz#0984ac1e8df513e38b41a608e65042e8381e0a73"
  integrity sha1-CYSsHo31E+OLQaYI5lBC6DgeCnM=

sell@^1.0.0:
  version "1.0.0"
  resolved "https://registry.yarnpkg.com/sell/-/sell-1.0.0.tgz#3baca7e51f78ddee9e22eea1ac747a6368bd1630"
  integrity sha1-O6yn5R943e6eIu6hrHR6Y2i9FjA=

switchery@^0.0.2:
  version "0.0.2"
  resolved "https://registry.yarnpkg.com/switchery/-/switchery-0.0.2.tgz#8d522c4eb3258bacc6c91bec980e0e46e312d06e"
  integrity sha1-jVIsTrMli6zGyRvsmA4ORuMS0G4=
  dependencies:
    cssify "~0.3.0"

through@~2.3.4:
  version "2.3.8"
  resolved "https://registry.yarnpkg.com/through/-/through-2.3.8.tgz#0dd4c9ffaabc357960b1b724115d7e0e86a2e1f5"
  integrity sha1-DdTJ/6q8NXlgsbckEV1+Doai4fU=

ticky@1.0.0:
  version "1.0.0"
  resolved "https://registry.yarnpkg.com/ticky/-/ticky-1.0.0.tgz#e87f38ee0491ea32f62e8f0567ba9638b29f049c"
  integrity sha1-6H847gSR6jL2Lo8FZ7qWOLKfBJw=

turbolinks@^5.2.0:
  version "5.2.0"
  resolved "https://registry.yarnpkg.com/turbolinks/-/turbolinks-5.2.0.tgz#e6877a55ea5c1cb3bb225f0a4ae303d6d32ff77c"
  integrity sha512-pMiez3tyBo6uRHFNNZoYMmrES/IaGgMhQQM+VFF36keryjb5ms0XkVpmKHkfW/4Vy96qiGW3K9bz0tF5sK9bBw==
